
Microsoft Visual Studio Solution File, Format Version 12.00
# Visual Studio Version 16
VisualStudioVersion = 16.0.30104.148
MinimumVisualStudioVersion = 10.0.40219.1
Project("{FAE04EC0-301F-11D3-BF4B-00C04F79EFBC}") = "ConApp_Lsn1.1_Git_vs19", "ConApp_Lsn1.1_Git_vs19.csproj", "{0D9D61A4-8BDA-445D-BCFE-BAE046FD78FF}"
EndProject
Global
	GlobalSection(SolutionConfigurationPlatforms) = preSolution
		Debug|Any CPU = Debug|Any CPU
		Release|Any CPU = Release|Any CPU
	EndGlobalSection
	GlobalSection(ProjectConfigurationPlatforms) = postSolution
		{0D9D61A4-8BDA-445D-BCFE-BAE046FD78FF}.Debug|Any CPU.ActiveCfg = Debug|Any CPU
		{0D9D61A4-8BDA-445D-BCFE-BAE046FD78FF}.Debug|Any CPU.Build.0 = Debug|Any CPU
		{0D9D61A4-8BDA-445D-BCFE-BAE046FD78FF}.Release|Any CPU.ActiveCfg = Release|Any CPU
		{0D9D61A4-8BDA-445D-BCFE-BAE046FD78FF}.Release|Any CPU.Build.0 = Release|Any CPU
	EndGlobalSection
	GlobalSection(SolutionProperties) = preSolution
		HideSolutionNode = FALSE
	EndGlobalSection
	GlobalSection(ExtensibilityGlobals) = postSolution
		SolutionGuid = {03F4088F-354A-4F50-A8FB-842C21103770}
	EndGlobalSection
EndGlobal
